
Microsoft Visual Studio Solution File, Format Version 12.00
# Visual Studio Version 17
VisualStudioVersion = 17.0.31903.59
MinimumVisualStudioVersion = 10.0.40219.1
Project("{FAE04EC0-301F-11D3-BF4B-00C04F79EFBC}") = "Project", "Project\Project.csproj", "{CF64BDD8-CF22-4BEB-A142-BA20ACD5F766}"
EndProject
Project("{FAE04EC0-301F-11D3-BF4B-00C04F79EFBC}") = "ProjectTests", "ProjectTests\ProjectTests.csproj", "{E740A809-9B60-4F43-867D-F389A1328D53}"
EndProject
Global
	GlobalSection(SolutionConfigurationPlatforms) = preSolution
		Debug|Any CPU = Debug|Any CPU
		Release|Any CPU = Release|Any CPU
	EndGlobalSection
	GlobalSection(SolutionProperties) = preSolution
		HideSolutionNode = FALSE
	EndGlobalSection
	GlobalSection(ProjectConfigurationPlatforms) = postSolution
		{CF64BDD8-CF22-4BEB-A142-BA20ACD5F766}.Debug|Any CPU.ActiveCfg = Debug|Any CPU
		{CF64BDD8-CF22-4BEB-A142-BA20ACD5F766}.Debug|Any CPU.Build.0 = Debug|Any CPU
		{CF64BDD8-CF22-4BEB-A142-BA20ACD5F766}.Release|Any CPU.ActiveCfg = Release|Any CPU
		{CF64BDD8-CF22-4BEB-A142-BA20ACD5F766}.Release|Any CPU.Build.0 = Release|Any CPU
		{E740A809-9B60-4F43-867D-F389A1328D53}.Debug|Any CPU.ActiveCfg = Debug|Any CPU
		{E740A809-9B60-4F43-867D-F389A1328D53}.Debug|Any CPU.Build.0 = Debug|Any CPU
		{E740A809-9B60-4F43-867D-F389A1328D53}.Release|Any CPU.ActiveCfg = Release|Any CPU
		{E740A809-9B60-4F43-867D-F389A1328D53}.Release|Any CPU.Build.0 = Release|Any CPU
	EndGlobalSection
EndGlobal
